
Microsoft Visual Studio Solution File, Format Version 12.00
# Visual Studio Version 16
VisualStudioVersion = 16.0.30413.136
MinimumVisualStudioVersion = 10.0.40219.1
Project("{FAE04EC0-301F-11D3-BF4B-00C04F79EFBC}") = "MountSnooper", "MountSnooper\MountSnooper.csproj", "{A2FDF1B5-0C51-449C-982C-B70CC497F069}"
EndProject
Project("{FAE04EC0-301F-11D3-BF4B-00C04F79EFBC}") = "Domain", "Domain\Domain.csproj", "{F413A604-DEA4-43BD-890F-826CC6731776}"
EndProject
Global
	GlobalSection(SolutionConfigurationPlatforms) = preSolution
		Debug|Any CPU = Debug|Any CPU
		Release|Any CPU = Release|Any CPU
	EndGlobalSection
	GlobalSection(ProjectConfigurationPlatforms) = postSolution
		{A2FDF1B5-0C51-449C-982C-B70CC497F069}.Debug|Any CPU.ActiveCfg = Debug|Any CPU
		{A2FDF1B5-0C51-449C-982C-B70CC497F069}.Debug|Any CPU.Build.0 = Debug|Any CPU
		{A2FDF1B5-0C51-449C-982C-B70CC497F069}.Release|Any CPU.ActiveCfg = Release|Any CPU
		{A2FDF1B5-0C51-449C-982C-B70CC497F069}.Release|Any CPU.Build.0 = Release|Any CPU
		{F413A604-DEA4-43BD-890F-826CC6731776}.Debug|Any CPU.ActiveCfg = Debug|Any CPU
		{F413A604-DEA4-43BD-890F-826CC6731776}.Debug|Any CPU.Build.0 = Debug|Any CPU
		{F413A604-DEA4-43BD-890F-826CC6731776}.Release|Any CPU.ActiveCfg = Release|Any CPU
		{F413A604-DEA4-43BD-890F-826CC6731776}.Release|Any CPU.Build.0 = Release|Any CPU
	EndGlobalSection
	GlobalSection(SolutionProperties) = preSolution
		HideSolutionNode = FALSE
	EndGlobalSection
	GlobalSection(ExtensibilityGlobals) = postSolution
		SolutionGuid = {10A750D0-551D-467B-82B1-A598BCAFF92B}
	EndGlobalSection
EndGlobal
